Microsoft Visual Studio Solution File, Format Version 8.00
Project("{8BC9CEB8-8B4A-11D0-8D11-00A0C91BC942}") = "OpenFiles", "OpenFiles.vcproj", "{961A348F-9EB8-433C-ADE2-52E7E9EB9E0F}"
	ProjectSection(ProjectDependencies) = postProject
	EndProjectSection
EndProject
Global
	GlobalSection(SolutionConfiguration) = preSolution
		Debug = Debug
		Release = Release
	EndGlobalSection
	GlobalSection(ProjectConfiguration) = postSolution
		{961A348F-9EB8-433C-ADE2-52E7E9EB9E0F}.Debug.ActiveCfg = Debug|Win32
		{961A348F-9EB8-433C-ADE2-52E7E9EB9E0F}.Debug.Build.0 = Debug|Win32
		{961A348F-9EB8-433C-ADE2-52E7E9EB9E0F}.Release.ActiveCfg = Release|Win32
		{961A348F-9EB8-433C-ADE2-52E7E9EB9E0F}.Release.Build.0 = Release|Win32
	EndGlobalSection
	GlobalSection(ExtensibilityGlobals) = postSolution
	EndGlobalSection
	GlobalSection(ExtensibilityAddIns) = postSolution
	EndGlobalSection
EndGlobal
