Microsoft Visual Studio Solution File, Format Version 8.00
Project("{8BC9CEB8-8B4A-11D0-8D11-00A0C91BC942}") = "Astrogrid", "Astrogrid.vcproj", "{E2570DAE-4FCC-45B9-BAFC-CE23066CF190}"
	ProjectSection(ProjectDependencies) = postProject
	EndProjectSection
EndProject
Global
	GlobalSection(SolutionConfiguration) = preSolution
		Debug = Debug
		Release = Release
	EndGlobalSection
	GlobalSection(ProjectConfiguration) = postSolution
		{E2570DAE-4FCC-45B9-BAFC-CE23066CF190}.Debug.ActiveCfg = Debug|Win32
		{E2570DAE-4FCC-45B9-BAFC-CE23066CF190}.Debug.Build.0 = Debug|Win32
		{E2570DAE-4FCC-45B9-BAFC-CE23066CF190}.Release.ActiveCfg = Release|Win32
		{E2570DAE-4FCC-45B9-BAFC-CE23066CF190}.Release.Build.0 = Release|Win32
	EndGlobalSection
	GlobalSection(ExtensibilityGlobals) = postSolution
	EndGlobalSection
	GlobalSection(ExtensibilityAddIns) = postSolution
	EndGlobalSection
EndGlobal
