Microsoft Visual Studio Solution File, Format Version 8.00
Project("{8BC9CEB8-8B4A-11D0-8D11-00A0C91BC942}") = "txttransprep", "txttransprep.vcproj", "{04AD1144-86AE-4524-BBA0-C2E88D3CD9D3}"
	ProjectSection(ProjectDependencies) = postProject
	EndProjectSection
EndProject
Global
	GlobalSection(SolutionConfiguration) = preSolution
		Debug = Debug
		Release = Release
	EndGlobalSection
	GlobalSection(ProjectConfiguration) = postSolution
		{04AD1144-86AE-4524-BBA0-C2E88D3CD9D3}.Debug.ActiveCfg = Debug|Win32
		{04AD1144-86AE-4524-BBA0-C2E88D3CD9D3}.Debug.Build.0 = Debug|Win32
		{04AD1144-86AE-4524-BBA0-C2E88D3CD9D3}.Release.ActiveCfg = Release|Win32
		{04AD1144-86AE-4524-BBA0-C2E88D3CD9D3}.Release.Build.0 = Release|Win32
	EndGlobalSection
	GlobalSection(ExtensibilityGlobals) = postSolution
	EndGlobalSection
	GlobalSection(ExtensibilityAddIns) = postSolution
	EndGlobalSection
EndGlobal
