Microsoft Visual Studio Solution File, Format Version 8.00
Project("{8BC9CEB8-8B4A-11D0-8D11-00A0C91BC942}") = "reptransmerge", "reptransmerge.vcproj", "{697A8BB4-AC24-492C-B04F-0D6382DAF7B9}"
	ProjectSection(ProjectDependencies) = postProject
	EndProjectSection
EndProject
Global
	GlobalSection(SolutionConfiguration) = preSolution
		Debug = Debug
		Release = Release
	EndGlobalSection
	GlobalSection(ProjectConfiguration) = postSolution
		{697A8BB4-AC24-492C-B04F-0D6382DAF7B9}.Debug.ActiveCfg = Debug|Win32
		{697A8BB4-AC24-492C-B04F-0D6382DAF7B9}.Debug.Build.0 = Debug|Win32
		{697A8BB4-AC24-492C-B04F-0D6382DAF7B9}.Release.ActiveCfg = Release|Win32
		{697A8BB4-AC24-492C-B04F-0D6382DAF7B9}.Release.Build.0 = Release|Win32
	EndGlobalSection
	GlobalSection(ExtensibilityGlobals) = postSolution
	EndGlobalSection
	GlobalSection(ExtensibilityAddIns) = postSolution
	EndGlobalSection
EndGlobal
